
Microsoft Visual Studio Solution File, Format Version 12.00
#
Project("{F2A71F9B-5D33-465A-A702-920D77279786}") = "AzureTableArchive", "AzureTableArchive\AzureTableArchive.fsproj", "{A295CD96-7607-46DA-9C43-7E81DFD0309E}"
EndProject
Project("{F2A71F9B-5D33-465A-A702-920D77279786}") = "AzureTableArchiveTests", "AzureTableArchiveTests\AzureTableArchiveTests.fsproj", "{F0368061-B1F5-4BA3-BDE8-D77433F23EBB}"
EndProject
Global
	GlobalSection(SolutionConfigurationPlatforms) = preSolution
		Debug|Any CPU = Debug|Any CPU
		Release|Any CPU = Release|Any CPU
	EndGlobalSection
	GlobalSection(ProjectConfigurationPlatforms) = postSolution
		{A295CD96-7607-46DA-9C43-7E81DFD0309E}.Debug|Any CPU.ActiveCfg = Debug|Any CPU
		{A295CD96-7607-46DA-9C43-7E81DFD0309E}.Debug|Any CPU.Build.0 = Debug|Any CPU
		{A295CD96-7607-46DA-9C43-7E81DFD0309E}.Release|Any CPU.ActiveCfg = Release|Any CPU
		{A295CD96-7607-46DA-9C43-7E81DFD0309E}.Release|Any CPU.Build.0 = Release|Any CPU
		{F0368061-B1F5-4BA3-BDE8-D77433F23EBB}.Debug|Any CPU.ActiveCfg = Debug|Any CPU
		{F0368061-B1F5-4BA3-BDE8-D77433F23EBB}.Debug|Any CPU.Build.0 = Debug|Any CPU
		{F0368061-B1F5-4BA3-BDE8-D77433F23EBB}.Release|Any CPU.ActiveCfg = Release|Any CPU
		{F0368061-B1F5-4BA3-BDE8-D77433F23EBB}.Release|Any CPU.Build.0 = Release|Any CPU
	EndGlobalSection
EndGlobal
